{
  "nodes": {
    "base16": {
      "inputs": {
        "fromYaml": "fromYaml"
      },
      "locked": {
        "lastModified": 1708890466,
        "narHash": "sha256-LlrC09LoPi8OPYOGPXegD72v+//VapgAqhbOFS3i8sc=",
        "owner": "SenchoPens",
        "repo": "base16.nix",
        "rev": "665b3c6748534eb766c777298721cece9453fdae",
        "type": "github"
      },
      "original": {
        "owner": "SenchoPens",
        "repo": "base16.nix",
        "type": "github"
      }
    },
    "base16-fish": {
      "flake": false,
      "locked": {
        "lastModified": 1622559957,
        "narHash": "sha256-PebymhVYbL8trDVVXxCvZgc0S5VxI7I1Hv4RMSquTpA=",
        "owner": "tomyun",
        "repo": "base16-fish",
        "rev": "2f6dd973a9075dabccd26f1cded09508180bf5fe",
        "type": "github"
      },
      "original": {
        "owner": "tomyun",
        "repo": "base16-fish",
        "type": "github"
      }
    },
    "base16-foot": {
      "flake": false,
      "locked": {
        "lastModified": 1696725948,
        "narHash": "sha256-65bz2bUL/yzZ1c8/GQASnoiGwaF8DczlxJtzik1c0AU=",
        "owner": "tinted-theming",
        "repo": "base16-foot",
        "rev": "eedbcfa30de0a4baa03e99f5e3ceb5535c2755ce",
        "type": "github"
      },
      "original": {
        "owner": "tinted-theming",
        "repo": "base16-foot",
        "type": "github"
      }
    },
    "base16-helix": {
      "flake": false,
      "locked": {
        "lastModified": 1720809814,
        "narHash": "sha256-numb3xigRGnr/deF7wdjBwVg7fpbTH7reFDkJ75AJkY=",
        "owner": "tinted-theming",
        "repo": "base16-helix",
        "rev": "34f41987bec14c0f3f6b2155c19787b1f6489625",
        "type": "github"
      },
      "original": {
        "owner": "tinted-theming",
        "repo": "base16-helix",
        "type": "github"
      }
    },
    "base16-kitty": {
      "flake": false,
      "locked": {
        "lastModified": 1665001328,
        "narHash": "sha256-aRaizTYPpuWEcvoYE9U+YRX+Wsc8+iG0guQJbvxEdJY=",
        "owner": "kdrag0n",
        "repo": "base16-kitty",
        "rev": "06bb401fa9a0ffb84365905ffbb959ae5bf40805",
        "type": "github"
      },
      "original": {
        "owner": "kdrag0n",
        "repo": "base16-kitty",
        "type": "github"
      }
    },
    "base16-tmux": {
      "flake": false,
      "locked": {
        "lastModified": 1696725902,
        "narHash": "sha256-wDPg5elZPcQpu7Df0lI5O8Jv4A3T6jUQIVg63KDU+3Q=",
        "owner": "tinted-theming",
        "repo": "base16-tmux",
        "rev": "c02050bebb60dbb20cb433cd4d8ce668ecc11ba7",
        "type": "github"
      },
      "original": {
        "owner": "tinted-theming",
        "repo": "base16-tmux",
        "type": "github"
      }
    },
    "base16-vim": {
      "flake": false,
      "locked": {
        "lastModified": 1716150083,
        "narHash": "sha256-ZMhnNmw34ogE5rJZrjRv5MtG3WaqKd60ds2VXvT6hEc=",
        "owner": "tinted-theming",
        "repo": "base16-vim",
        "rev": "6e955d704d046b0dc3e5c2d68a2a6eeffd2b5d3d",
        "type": "github"
      },
      "original": {
        "owner": "tinted-theming",
        "repo": "base16-vim",
        "type": "github"
      }
    },
    "flake-compat": {
      "flake": false,
      "locked": {
        "lastModified": 1673956053,
        "narHash": "sha256-4gtG9iQuiKITOjNQQeQIpoIB6b16fm+504Ch3sNKLd8=",
        "owner": "edolstra",
        "repo": "flake-compat",
        "rev": "35bb57c0c8d8b62bbfd284272c928ceb64ddbde9",
        "type": "github"
      },
      "original": {
        "owner": "edolstra",
        "repo": "flake-compat",
        "type": "github"
      }
    },
    "flake-utils": {
      "inputs": {
        "systems": "systems"
      },
      "locked": {
        "lastModified": 1710146030,
        "narHash": "sha256-SZ5L6eA7HJ/nmkzGG7/ISclqe6oZdOZTNoesiInkXPQ=",
        "owner": "numtide",
        "repo": "flake-utils",
        "rev": "b1d9ab70662946ef0850d488da1c9019f3a9752a",
        "type": "github"
      },
      "original": {
        "owner": "numtide",
        "repo": "flake-utils",
        "type": "github"
      }
    },
    "fromYaml": {
      "flake": false,
      "locked": {
        "lastModified": 1689549921,
        "narHash": "sha256-iX0pk/uB019TdBGlaJEWvBCfydT6sRq+eDcGPifVsCM=",
        "owner": "SenchoPens",
        "repo": "fromYaml",
        "rev": "11fbbbfb32e3289d3c631e0134a23854e7865c84",
        "type": "github"
      },
      "original": {
        "owner": "SenchoPens",
        "repo": "fromYaml",
        "type": "github"
      }
    },
    "gnome-shell": {
      "flake": false,
      "locked": {
        "lastModified": 1713702291,
        "narHash": "sha256-zYP1ehjtcV8fo+c+JFfkAqktZ384Y+y779fzmR9lQAU=",
        "owner": "GNOME",
        "repo": "gnome-shell",
        "rev": "0d0aadf013f78a7f7f1dc984d0d812971864b934",
        "type": "github"
      },
      "original": {
        "owner": "GNOME",
        "ref": "46.1",
        "repo": "gnome-shell",
        "type": "github"
      }
    },
    "home-manager": {
      "inputs": {
        "nixpkgs": [
          "nixpkgs"
        ]
      },
      "locked": {
        "lastModified": 1723399884,
        "narHash": "sha256-97wn0ihhGqfMb8WcUgzzkM/TuAxce2Gd20A8oiruju4=",
        "owner": "nix-community",
        "repo": "home-manager",
        "rev": "086f619dd991a4d355c07837448244029fc2d9ab",
        "type": "github"
      },
      "original": {
        "owner": "nix-community",
        "repo": "home-manager",
        "type": "github"
      }
    },
    "home-manager_2": {
      "inputs": {
        "nixpkgs": [
          "stylix",
          "nixpkgs"
        ]
      },
      "locked": {
        "lastModified": 1715930644,
        "narHash": "sha256-W9pyM3/vePxrffHtzlJI6lDS3seANQ+Nqp+i58O46LI=",
        "owner": "nix-community",
        "repo": "home-manager",
        "rev": "e3ad5108f54177e6520535768ddbf1e6af54b59d",
        "type": "github"
      },
      "original": {
        "owner": "nix-community",
        "repo": "home-manager",
        "type": "github"
      }
    },
    "nix-formatter-pack": {
      "inputs": {
        "nixpkgs": [
          "nix-on-droid",
          "nixpkgs"
        ],
        "nmd": "nmd",
        "nmt": "nmt"
      },
      "locked": {
        "lastModified": 1705252799,
        "narHash": "sha256-HgSTREh7VoXjGgNDwKQUYcYo13rPkltW7IitHrTPA5c=",
        "owner": "Gerschtli",
        "repo": "nix-formatter-pack",
        "rev": "2de39dedd79aab14c01b9e2934842051a160ffa5",
        "type": "github"
      },
      "original": {
        "owner": "Gerschtli",
        "repo": "nix-formatter-pack",
        "type": "github"
      }
    },
    "nix-github-actions": {
      "inputs": {
        "nixpkgs": [
          "poetry2nixJobber",
          "nixpkgs"
        ]
      },
      "locked": {
        "lastModified": 1703863825,
        "narHash": "sha256-rXwqjtwiGKJheXB43ybM8NwWB8rO2dSRrEqes0S7F5Y=",
        "owner": "nix-community",
        "repo": "nix-github-actions",
        "rev": "5163432afc817cf8bd1f031418d1869e4c9d5547",
        "type": "github"
      },
      "original": {
        "owner": "nix-community",
        "repo": "nix-github-actions",
        "type": "github"
      }
    },
    "nix-on-droid": {
      "inputs": {
        "home-manager": [
          "home-manager"
        ],
        "nix-formatter-pack": "nix-formatter-pack",
        "nixpkgs": [
          "nixpkgs"
        ],
        "nixpkgs-docs": "nixpkgs-docs",
        "nixpkgs-for-bootstrap": "nixpkgs-for-bootstrap",
        "nmd": "nmd_2"
      },
      "locked": {
        "lastModified": 1709879753,
        "narHash": "sha256-zEpy3eweBus/cW/oRMBINps6Bnlazpa7TadonwWibHA=",
        "owner": "t184256",
        "repo": "nix-on-droid",
        "rev": "7b3cc6e3f9919b2d23003cfafb60c146c3f45793",
        "type": "github"
      },
      "original": {
        "owner": "t184256",
        "ref": "release-23.11",
        "repo": "nix-on-droid",
        "type": "github"
      }
    },
    "nixpkgs": {
      "locked": {
        "lastModified": 1723637854,
        "narHash": "sha256-med8+5DSWa2UnOqtdICndjDAEjxr5D7zaIiK4pn0Q7c=",
        "owner": "nixos",
        "repo": "nixpkgs",
        "rev": "c3aa7b8938b17aebd2deecf7be0636000d62a2b9",
        "type": "github"
      },
      "original": {
        "owner": "nixos",
        "ref": "nixos-unstable",
        "repo": "nixpkgs",
        "type": "github"
      }
    },
    "nixpkgs-docs": {
      "locked": {
        "lastModified": 1705957679,
        "narHash": "sha256-Q8LJaVZGJ9wo33wBafvZSzapYsjOaNjP/pOnSiKVGHY=",
        "owner": "NixOS",
        "repo": "nixpkgs",
        "rev": "9a333eaa80901efe01df07eade2c16d183761fa3",
        "type": "github"
      },
      "original": {
        "owner": "NixOS",
        "ref": "release-23.05",
        "repo": "nixpkgs",
        "type": "github"
      }
    },
    "nixpkgs-for-bootstrap": {
      "locked": {
        "lastModified": 1708105575,
        "narHash": "sha256-sS4AItZeUnAei6v8FqxNlm+/27MPlfoGym/TZP0rmH0=",
        "owner": "NixOS",
        "repo": "nixpkgs",
        "rev": "1d1817869c47682a6bee85b5b0a6537b6c0fba26",
        "type": "github"
      },
      "original": {
        "owner": "NixOS",
        "repo": "nixpkgs",
        "rev": "1d1817869c47682a6bee85b5b0a6537b6c0fba26",
        "type": "github"
      }
    },
    "nixpkgsJobber": {
      "locked": {
        "lastModified": 1717786204,
        "narHash": "sha256-4q0s6m0GUcN7q+Y2DqD27iLvbcd1G50T2lv08kKxkSI=",
        "owner": "nixos",
        "repo": "nixpkgs",
        "rev": "051f920625ab5aabe37c920346e3e69d7d34400e",
        "type": "github"
      },
      "original": {
        "owner": "nixos",
        "repo": "nixpkgs",
        "rev": "051f920625ab5aabe37c920346e3e69d7d34400e",
        "type": "github"
      }
    },
    "nixpkgsMaster": {
      "locked": {
        "lastModified": 1723841614,
        "narHash": "sha256-iO0VIkpQgIZw/O6zS/O9Ea4J3V/mxSzoL0aUwEJ+798=",
        "owner": "nixos",
        "repo": "nixpkgs",
        "rev": "2e0f6749768251f4ce1eded431b4430eb3505503",
        "type": "github"
      },
      "original": {
        "owner": "nixos",
        "ref": "master",
        "repo": "nixpkgs",
        "type": "github"
      }
    },
    "nixpkgsStable": {
      "locked": {
        "lastModified": 1723688146,
        "narHash": "sha256-sqLwJcHYeWLOeP/XoLwAtYjr01TISlkOfz+NG82pbdg=",
        "owner": "nixos",
        "repo": "nixpkgs",
        "rev": "c3d4ac725177c030b1e289015989da2ad9d56af0",
        "type": "github"
      },
      "original": {
        "owner": "nixos",
        "ref": "nixos-24.05",
        "repo": "nixpkgs",
        "type": "github"
      }
    },
    "nixpkgs_2": {
      "locked": {
        "lastModified": 1717298511,
        "narHash": "sha256-9sXuJn/nL+9ImeYtlspTvjt83z1wIgU+9AwfNbnq+tI=",
        "owner": "NixOS",
        "repo": "nixpkgs",
        "rev": "6634a0509e9e81e980b129435fbbec518ab246d0",
        "type": "github"
      },
      "original": {
        "owner": "NixOS",
        "ref": "nixos-unstable-small",
        "repo": "nixpkgs",
        "type": "github"
      }
    },
    "nixpkgs_3": {
      "locked": {
        "lastModified": 1714912032,
        "narHash": "sha256-clkcOIkg8G4xuJh+1onLG4HPMpbtzdLv4rHxFzgsH9c=",
        "owner": "NixOS",
        "repo": "nixpkgs",
        "rev": "ee4a6e0f566fe5ec79968c57a9c2c3c25f2cf41d",
        "type": "github"
      },
      "original": {
        "owner": "NixOS",
        "ref": "nixpkgs-unstable",
        "repo": "nixpkgs",
        "type": "github"
      }
    },
    "nmd": {
      "flake": false,
      "locked": {
        "lastModified": 1666190571,
        "narHash": "sha256-Z1hc7M9X6L+H83o9vOprijpzhTfOBjd0KmUTnpHAVjA=",
        "owner": "rycee",
        "repo": "nmd",
        "rev": "b75d312b4f33bd3294cd8ae5c2ca8c6da2afc169",
        "type": "gitlab"
      },
      "original": {
        "owner": "rycee",
        "repo": "nmd",
        "type": "gitlab"
      }
    },
    "nmd_2": {
      "inputs": {
        "nixpkgs": [
          "nix-on-droid",
          "nixpkgs-docs"
        ],
        "scss-reset": "scss-reset"
      },
      "locked": {
        "lastModified": 1705050560,
        "narHash": "sha256-x3zzcdvhJpodsmdjqB4t5mkVW22V3wqHLOun0KRBzUI=",
        "owner": "~rycee",
        "repo": "nmd",
        "rev": "66d9334933119c36f91a78d565c152a4fdc8d3d3",
        "type": "sourcehut"
      },
      "original": {
        "owner": "~rycee",
        "repo": "nmd",
        "type": "sourcehut"
      }
    },
    "nmt": {
      "flake": false,
      "locked": {
        "lastModified": 1648075362,
        "narHash": "sha256-u36WgzoA84dMVsGXzml4wZ5ckGgfnvS0ryzo/3zn/Pc=",
        "owner": "rycee",
        "repo": "nmt",
        "rev": "d83601002c99b78c89ea80e5e6ba21addcfe12ae",
        "type": "gitlab"
      },
      "original": {
        "owner": "rycee",
        "repo": "nmt",
        "type": "gitlab"
      }
    },
    "nvimAlign": {
      "flake": false,
      "locked": {
        "lastModified": 1719822500,
        "narHash": "sha256-ne3rwC9+4AoWVBFa9e/DrLhMffYEZPfXT0n0BQ3CmdI=",
        "owner": "echasnovski",
        "repo": "mini.align",
        "rev": "b54d88b16bfac62ca6b3d699566135639a3ca4fa",
        "type": "github"
      },
      "original": {
        "owner": "echasnovski",
        "repo": "mini.align",
        "type": "github"
      }
    },
    "nvimAutoclose": {
      "flake": false,
      "locked": {
        "lastModified": 1721556834,
        "narHash": "sha256-mIInxvk4CQ6gXVTPyGNTFHpmtCYb8J5U+99+NyyPSmM=",
        "owner": "m4xshen",
        "repo": "autoclose.nvim",
        "rev": "b2077aa2c83df7ebc19b2a20a3a0654b24ae9c8f",
        "type": "github"
      },
      "original": {
        "owner": "m4xshen",
        "repo": "autoclose.nvim",
        "type": "github"
      }
    },
    "nvimBufferline": {
      "flake": false,
      "locked": {
        "lastModified": 1721303864,
        "narHash": "sha256-VjusgJ3nEc+P/3bRjdS93qAErn6PZh7YkAAjxFF6Dxk=",
        "owner": "akinsho",
        "repo": "bufferline.nvim",
        "rev": "0b2fd861eee7595015b6561dade52fb060be10c4",
        "type": "github"
      },
      "original": {
        "owner": "akinsho",
        "repo": "bufferline.nvim",
        "type": "github"
      }
    },
    "nvimCloseBuffers": {
      "flake": false,
      "locked": {
        "lastModified": 1636931460,
        "narHash": "sha256-/jk38ebxKTlyH3AsrSQWMl/cErmu6threyy/MIrdzD4=",
        "owner": "kazhala",
        "repo": "close-buffers.nvim",
        "rev": "3acbcad1211572342632a6c0151f839e7dead27f",
        "type": "github"
      },
      "original": {
        "owner": "kazhala",
        "repo": "close-buffers.nvim",
        "type": "github"
      }
    },
    "nvimColorizer": {
      "flake": false,
      "locked": {
        "lastModified": 1722700398,
        "narHash": "sha256-A3ijtLk/ECAVDDojmke9pKzZlvhEsuGrzjNzf5SBs1Q=",
        "owner": "brenoprata10",
        "repo": "nvim-highlight-colors",
        "rev": "a411550ef85cae467b889ba7d1a96bd78332d90e",
        "type": "github"
      },
      "original": {
        "owner": "brenoprata10",
        "repo": "nvim-highlight-colors",
        "type": "github"
      }
    },
    "nvimDevicons": {
      "flake": false,
      "locked": {
        "lastModified": 1722734411,
        "narHash": "sha256-TeWMlfNTA5+tiPq6D2TVWjdfJVr3FOwpqUDU8kfFZ8E=",
        "owner": "nvim-tree",
        "repo": "nvim-web-devicons",
        "rev": "3722e3d1fb5fe1896a104eb489e8f8651260b520",
        "type": "github"
      },
      "original": {
        "owner": "nvim-tree",
        "repo": "nvim-web-devicons",
        "type": "github"
      }
    },
    "nvimGitsigns": {
      "flake": false,
      "locked": {
        "lastModified": 1723029377,
        "narHash": "sha256-NNoqXn24Fzkopx1/Xwcv41EpqHwpcMPrQWLfXcPtha4=",
        "owner": "lewis6991",
        "repo": "gitsigns.nvim",
        "rev": "562dc47189ad3c8696dbf460d38603a74d544849",
        "type": "github"
      },
      "original": {
        "owner": "lewis6991",
        "repo": "gitsigns.nvim",
        "type": "github"
      }
    },
    "nvimGruvboxMaterial": {
      "flake": false,
      "locked": {
        "lastModified": 1720884795,
        "narHash": "sha256-/Swzw4SgHdZ9oFWw29hR5ZvNLoeuFzXwdbSlcBFE8XY=",
        "owner": "sainnhe",
        "repo": "gruvbox-material",
        "rev": "91f8170a31ae6e31670629cd339df297dbd5fd5f",
        "type": "github"
      },
      "original": {
        "owner": "sainnhe",
        "repo": "gruvbox-material",
        "type": "github"
      }
    },
    "nvimIndentoMatic": {
      "flake": false,
      "locked": {
        "lastModified": 1685816927,
        "narHash": "sha256-scdMOPZZcAxaSf2KN/cOzKFrbv7tm1bwbtV0KgfuUOg=",
        "owner": "Darazaki",
        "repo": "indent-o-matic",
        "rev": "4d11e98f523d3c4500b1dc33f0d1a248a4f69719",
        "type": "github"
      },
      "original": {
        "owner": "Darazaki",
        "repo": "indent-o-matic",
        "type": "github"
      }
    },
    "nvimLspconfig": {
      "flake": false,
      "locked": {
        "lastModified": 1723788573,
        "narHash": "sha256-y64E6q6bB0kzJzxHnOYWjCZW5tpBTzhAVs/lvpmOpU0=",
        "owner": "neovim",
        "repo": "nvim-lspconfig",
        "rev": "a89de2e049b5f89a0ee55029d5a31213bd4de6f8",
        "type": "github"
      },
      "original": {
        "owner": "neovim",
        "repo": "nvim-lspconfig",
        "type": "github"
      }
    },
    "nvimOllama": {
      "flake": false,
      "locked": {
        "lastModified": 1717906114,
        "narHash": "sha256-8tW5tp2GiYw+PnR7rqiKfykLW/yqvGOtqauZCgEeQCg=",
        "owner": "nomnivore",
        "repo": "ollama.nvim",
        "rev": "45e58779fecde7ac5b8f62800bbe7180d4b48507",
        "type": "github"
      },
      "original": {
        "owner": "nomnivore",
        "repo": "ollama.nvim",
        "type": "github"
      }
    },
    "nvimPlenary": {
      "flake": false,
      "locked": {
        "lastModified": 1716230027,
        "narHash": "sha256-5Jf2mWFVDofXBcXLbMa417mqlEPWLA+cQIZH/vNEV1g=",
        "owner": "nvim-lua",
        "repo": "plenary.nvim",
        "rev": "a3e3bc82a3f95c5ed0d7201546d5d2c19b20d683",
        "type": "github"
      },
      "original": {
        "owner": "nvim-lua",
        "repo": "plenary.nvim",
        "type": "github"
      }
    },
    "nvimSingleComment": {
      "flake": false,
      "locked": {
        "lastModified": 1717376019,
        "narHash": "sha256-9DOW9EiezrahDyipb4UnZ5ET3DhXhdzCT7XmFrsJ/gg=",
        "owner": "LucasTavaresA",
        "repo": "singlecomment.nvim",
        "rev": "cf1ae4c179e5c36a27b41662f418b28b38c1d4ee",
        "type": "github"
      },
      "original": {
        "owner": "LucasTavaresA",
        "repo": "singlecomment.nvim",
        "type": "github"
      }
    },
    "nvimTelescope": {
      "flake": false,
      "locked": {
        "lastModified": 1723686624,
        "narHash": "sha256-rNzfnORvbKoglt20i/rKmlkysPUBlB89F6dRKgB5MKU=",
        "owner": "nvim-telescope",
        "repo": "telescope.nvim",
        "rev": "5972437de807c3bc101565175da66a1aa4f8707a",
        "type": "github"
      },
      "original": {
        "owner": "nvim-telescope",
        "repo": "telescope.nvim",
        "type": "github"
      }
    },
    "nvimTodo": {
      "flake": false,
      "locked": {
        "lastModified": 1721651141,
        "narHash": "sha256-pzUFoFaBrhKxO5jCmqaYaEnkyM/b9xer32yM7qpV2Tg=",
        "owner": "folke",
        "repo": "todo-comments.nvim",
        "rev": "8f45f353dc3649cb9b44cecda96827ea88128584",
        "type": "github"
      },
      "original": {
        "owner": "folke",
        "repo": "todo-comments.nvim",
        "type": "github"
      }
    },
    "nvimTokyonight": {
      "flake": false,
      "locked": {
        "lastModified": 1721799929,
        "narHash": "sha256-Fxakkz4+BTbvDLjRggZUVVhVEbg1b/MuuIC1rGrCwVA=",
        "owner": "folke",
        "repo": "tokyonight.nvim",
        "rev": "b0e7c7382a7e8f6456f2a95655983993ffda745e",
        "type": "github"
      },
      "original": {
        "owner": "folke",
        "repo": "tokyonight.nvim",
        "type": "github"
      }
    },
    "nvimTree": {
      "flake": false,
      "locked": {
        "lastModified": 1723256802,
        "narHash": "sha256-flZphMVMQdwBrJJ+3F5v7WAtnrv1Uwq2UmA+cgGfuQA=",
        "owner": "nvim-tree",
        "repo": "nvim-tree.lua",
        "rev": "ad0b95dee55955817af635fa121f6e2486b10583",
        "type": "github"
      },
      "original": {
        "owner": "nvim-tree",
        "repo": "nvim-tree.lua",
        "type": "github"
      }
    },
    "nvimTreesitter": {
      "flake": false,
      "locked": {
        "lastModified": 1723790873,
        "narHash": "sha256-V4szDI9o8ed4sHel5EjAtrd2QZv1TId0b644dXeJvwk=",
        "owner": "nvim-treesitter",
        "repo": "nvim-treesitter",
        "rev": "59cc5f35656f97bc964229e3ec5066a7b5a8ee5b",
        "type": "github"
      },
      "original": {
        "owner": "nvim-treesitter",
        "repo": "nvim-treesitter",
        "type": "github"
      }
    },
    "nvimTrouble": {
      "flake": false,
      "locked": {
        "lastModified": 1721651093,
        "narHash": "sha256-db/riM3Kq+QgGUqRxJHA4HYXJE31276hrUrDj4UhC2g=",
        "owner": "folke",
        "repo": "trouble.nvim",
        "rev": "6efc446226679fda0547c0fd6a7892fd5f5b15d8",
        "type": "github"
      },
      "original": {
        "owner": "folke",
        "repo": "trouble.nvim",
        "type": "github"
      }
    },
    "nvimWhichKey": {
      "flake": false,
      "locked": {
        "lastModified": 1721858377,
        "narHash": "sha256-nv9s4/ax2BoL9IQdk42uN7mxIVFYiTK+1FVvWDKRnGM=",
        "owner": "folke",
        "repo": "which-key.nvim",
        "rev": "6c1584eb76b55629702716995cca4ae2798a9cca",
        "type": "github"
      },
      "original": {
        "owner": "folke",
        "repo": "which-key.nvim",
        "type": "github"
      }
    },
    "poetry2nixJobber": {
      "inputs": {
        "flake-utils": "flake-utils",
        "nix-github-actions": "nix-github-actions",
        "nixpkgs": "nixpkgs_2",
        "systems": "systems_2",
        "treefmt-nix": "treefmt-nix"
      },
      "locked": {
        "lastModified": 1717965289,
        "narHash": "sha256-62VsS1MvwcsyYWnxxOD9rX5yqDUvMXH7qE3Kj8HECYE=",
        "owner": "nix-community",
        "repo": "poetry2nix",
        "rev": "304f8235fb0729fd48567af34fcd1b58d18f9b95",
        "type": "github"
      },
      "original": {
        "owner": "nix-community",
        "repo": "poetry2nix",
        "rev": "304f8235fb0729fd48567af34fcd1b58d18f9b95",
        "type": "github"
      }
    },
    "root": {
      "inputs": {
        "home-manager": "home-manager",
        "nix-on-droid": "nix-on-droid",
        "nixpkgs": "nixpkgs",
        "nixpkgsJobber": "nixpkgsJobber",
        "nixpkgsMaster": "nixpkgsMaster",
        "nixpkgsStable": "nixpkgsStable",
        "nvimAlign": "nvimAlign",
        "nvimAutoclose": "nvimAutoclose",
        "nvimBufferline": "nvimBufferline",
        "nvimCloseBuffers": "nvimCloseBuffers",
        "nvimColorizer": "nvimColorizer",
        "nvimDevicons": "nvimDevicons",
        "nvimGitsigns": "nvimGitsigns",
        "nvimGruvboxMaterial": "nvimGruvboxMaterial",
        "nvimIndentoMatic": "nvimIndentoMatic",
        "nvimLspconfig": "nvimLspconfig",
        "nvimOllama": "nvimOllama",
        "nvimPlenary": "nvimPlenary",
        "nvimSingleComment": "nvimSingleComment",
        "nvimTelescope": "nvimTelescope",
        "nvimTodo": "nvimTodo",
        "nvimTokyonight": "nvimTokyonight",
        "nvimTree": "nvimTree",
        "nvimTreesitter": "nvimTreesitter",
        "nvimTrouble": "nvimTrouble",
        "nvimWhichKey": "nvimWhichKey",
        "poetry2nixJobber": "poetry2nixJobber",
        "stylix": "stylix"
      }
    },
    "scss-reset": {
      "flake": false,
      "locked": {
        "lastModified": 1631450058,
        "narHash": "sha256-muDlZJPtXDIGevSEWkicPP0HQ6VtucbkMNygpGlBEUM=",
        "owner": "andreymatin",
        "repo": "scss-reset",
        "rev": "0cf50e27a4e95e9bb5b1715eedf9c54dee1a5a91",
        "type": "github"
      },
      "original": {
        "owner": "andreymatin",
        "repo": "scss-reset",
        "type": "github"
      }
    },
    "stylix": {
      "inputs": {
        "base16": "base16",
        "base16-fish": "base16-fish",
        "base16-foot": "base16-foot",
        "base16-helix": "base16-helix",
        "base16-kitty": "base16-kitty",
        "base16-tmux": "base16-tmux",
        "base16-vim": "base16-vim",
        "flake-compat": "flake-compat",
        "gnome-shell": "gnome-shell",
        "home-manager": "home-manager_2",
        "nixpkgs": "nixpkgs_3"
      },
      "locked": {
        "lastModified": 1723834469,
        "narHash": "sha256-PkJTr9DWBQcR5Ru1fJpG80dtw0MLSxAZlKnhHHFAGIA=",
        "owner": "danth",
        "repo": "stylix",
        "rev": "6858d08ed012bc6491cc92c13142104e56badf31",
        "type": "github"
      },
      "original": {
        "owner": "danth",
        "repo": "stylix",
        "type": "github"
      }
    },
    "systems": {
      "locked": {
        "lastModified": 1681028828,
        "narHash": "sha256-Vy1rq5AaRuLzOxct8nz4T6wlgyUR7zLU309k9mBC768=",
        "owner": "nix-systems",
        "repo": "default",
        "rev": "da67096a3b9bf56a91d16901293e51ba5b49a27e",
        "type": "github"
      },
      "original": {
        "owner": "nix-systems",
        "repo": "default",
        "type": "github"
      }
    },
    "systems_2": {
      "locked": {
        "lastModified": 1681028828,
        "narHash": "sha256-Vy1rq5AaRuLzOxct8nz4T6wlgyUR7zLU309k9mBC768=",
        "owner": "nix-systems",
        "repo": "default",
        "rev": "da67096a3b9bf56a91d16901293e51ba5b49a27e",
        "type": "github"
      },
      "original": {
        "id": "systems",
        "type": "indirect"
      }
    },
    "treefmt-nix": {
      "inputs": {
        "nixpkgs": [
          "poetry2nixJobber",
          "nixpkgs"
        ]
      },
      "locked": {
        "lastModified": 1717278143,
        "narHash": "sha256-u10aDdYrpiGOLoxzY/mJ9llST9yO8Q7K/UlROoNxzDw=",
        "owner": "numtide",
        "repo": "treefmt-nix",
        "rev": "3eb96ca1ae9edf792a8e0963cc92fddfa5a87706",
        "type": "github"
      },
      "original": {
        "owner": "numtide",
        "repo": "treefmt-nix",
        "type": "github"
      }
    }
  },
  "root": "root",
  "version": 7
}
